
Microsoft Visual Studio Solution File, Format Version 12.00
# Visual Studio 14
VisualStudioVersion = 14.0.25420.1
MinimumVisualStudioVersion = 10.0.40219.1
Project("{FAE04EC0-301F-11D3-BF4B-00C04F79EFBC}") = "PanicXamarinApp", "PanicXamarinApp\PanicXamarinApp\PanicXamarinApp.csproj", "{461153A6-F2E4-4BD3-8EFA-F1D3AA2D473D}"
EndProject
Project("{FAE04EC0-301F-11D3-BF4B-00C04F79EFBC}") = "PanicXamarinApp.Droid", "PanicXamarinApp\PanicXamarinApp.Droid\PanicXamarinApp.Droid.csproj", "{61B754D1-C5BB-4981-9DB9-0DDBC8B5B750}"
EndProject
Project("{FAE04EC0-301F-11D3-BF4B-00C04F79EFBC}") = "PanicXamarinApp.iOS", "PanicXamarinApp\PanicXamarinApp.iOS\PanicXamarinApp.iOS.csproj", "{C53F0D82-3999-4A82-8199-ED678491DC61}"
EndProject
Project("{FAE04EC0-301F-11D3-BF4B-00C04F79EFBC}") = "PanicXamarinApp.WinPhone", "PanicXamarinApp\PanicXamarinApp.WinPhone\PanicXamarinApp.WinPhone.csproj", "{E677950F-4335-4B72-8D63-803C8DCA2B3C}"
EndProject
Project("{FAE04EC0-301F-11D3-BF4B-00C04F79EFBC}") = "PanicXamarinApp.UWP", "PanicXamarinApp\PanicXamarinApp.UWP\PanicXamarinApp.UWP.csproj", "{3A61A7E5-927E-4938-89D3-C3FC75B163F1}"
EndProject
Project("{FAE04EC0-301F-11D3-BF4B-00C04F79EFBC}") = "PanicXamarinApp.Windows", "PanicXamarinApp\PanicXamarinApp.Windows\PanicXamarinApp.Windows.csproj", "{C7017E9F-1922-4AEF-87E5-85688198A2FA}"
EndProject
Project("{2150E333-8FDC-42A3-9474-1A3956D46DE8}") = "YodiwoLibraries", "YodiwoLibraries", "{D74E7972-BF0A-4476-9A85-720EBE87A628}"
EndProject
Project("{FAE04EC0-301F-11D3-BF4B-00C04F79EFBC}") = "Yodiwo.API.Plegma", "Yodiwo.API.Plegma\Yodiwo.API.Plegma.csproj", "{A8A28887-E05F-4F06-954F-35A06AF6ACB8}"
EndProject
Project("{FAE04EC0-301F-11D3-BF4B-00C04F79EFBC}") = "YodiwoSharp", "YodiwoSharp\YodiwoSharp.csproj", "{8AE66ABD-D963-4E83-83A3-330156CD37A3}"
EndProject
Project("{FAE04EC0-301F-11D3-BF4B-00C04F79EFBC}") = "Yodiwo.YPChannel", "Yodiwo.YPChannel\Yodiwo.YPChannel.csproj", "{536FAA15-E738-445E-A2D8-EF989ACB2C7F}"
EndProject
Project("{FAE04EC0-301F-11D3-BF4B-00C04F79EFBC}") = "Yodiwo.NodeLibrary", "Yodiwo.NodeLibrary\Yodiwo.NodeLibrary.csproj", "{8F830F7A-0A96-4329-847C-06B0A84BA4C4}"
EndProject
Project("{FAE04EC0-301F-11D3-BF4B-00C04F79EFBC}") = "Yodiwo.NodeLibrary.Graphs", "Yodiwo.NodeLibrary.Graphs\Yodiwo.NodeLibrary.Graphs.csproj", "{038A37CA-F251-400B-8003-7EEAED77348C}"
EndProject
Project("{FAE04EC0-301F-11D3-BF4B-00C04F79EFBC}") = "Yodiwo.Logic.BlockLibrary.Basic", "Yodiwo.Logic.BlockLibrary.Basic\Yodiwo.Logic.BlockLibrary.Basic.csproj", "{E356486A-3364-4122-A1FB-773C30E0F761}"
EndProject
Global
	GlobalSection(SolutionConfigurationPlatforms) = preSolution
		Ad-Hoc|Any CPU = Ad-Hoc|Any CPU
		Ad-Hoc|ARM = Ad-Hoc|ARM
		Ad-Hoc|iPhone = Ad-Hoc|iPhone
		Ad-Hoc|iPhoneSimulator = Ad-Hoc|iPhoneSimulator
		Ad-Hoc|x64 = Ad-Hoc|x64
		Ad-Hoc|x86 = Ad-Hoc|x86
		AppStore|Any CPU = AppStore|Any CPU
		AppStore|ARM = AppStore|ARM
		AppStore|iPhone = AppStore|iPhone
		AppStore|iPhoneSimulator = AppStore|iPhoneSimulator
		AppStore|x64 = AppStore|x64
		AppStore|x86 = AppStore|x86
		Debug|Any CPU = Debug|Any CPU
		Debug|ARM = Debug|ARM
		Debug|iPhone = Debug|iPhone
		Debug|iPhoneSimulator = Debug|iPhoneSimulator
		Debug|x64 = Debug|x64
		Debug|x86 = Debug|x86
		Release|Any CPU = Release|Any CPU
		Release|ARM = Release|ARM
		Release|iPhone = Release|iPhone
		Release|iPhoneSimulator = Release|iPhoneSimulator
		Release|x64 = Release|x64
		Release|x86 = Release|x86
	EndGlobalSection
	GlobalSection(ProjectConfigurationPlatforms) = postSolution
		{461153A6-F2E4-4BD3-8EFA-F1D3AA2D473D}.Ad-Hoc|Any CPU.ActiveCfg = Release|Any CPU
		{461153A6-F2E4-4BD3-8EFA-F1D3AA2D473D}.Ad-Hoc|Any CPU.Build.0 = Release|Any CPU
		{461153A6-F2E4-4BD3-8EFA-F1D3AA2D473D}.Ad-Hoc|ARM.ActiveCfg = Release|Any CPU
		{461153A6-F2E4-4BD3-8EFA-F1D3AA2D473D}.Ad-Hoc|ARM.Build.0 = Release|Any CPU
		{461153A6-F2E4-4BD3-8EFA-F1D3AA2D473D}.Ad-Hoc|iPhone.ActiveCfg = Release|Any CPU
		{461153A6-F2E4-4BD3-8EFA-F1D3AA2D473D}.Ad-Hoc|iPhone.Build.0 = Release|Any CPU
		{461153A6-F2E4-4BD3-8EFA-F1D3AA2D473D}.Ad-Hoc|iPhoneSimulator.ActiveCfg = Release|Any CPU
		{461153A6-F2E4-4BD3-8EFA-F1D3AA2D473D}.Ad-Hoc|iPhoneSimulator.Build.0 = Release|Any CPU
		{461153A6-F2E4-4BD3-8EFA-F1D3AA2D473D}.Ad-Hoc|x64.ActiveCfg = Release|Any CPU
		{461153A6-F2E4-4BD3-8EFA-F1D3AA2D473D}.Ad-Hoc|x64.Build.0 = Release|Any CPU
		{461153A6-F2E4-4BD3-8EFA-F1D3AA2D473D}.Ad-Hoc|x86.ActiveCfg = Release|Any CPU
		{461153A6-F2E4-4BD3-8EFA-F1D3AA2D473D}.Ad-Hoc|x86.Build.0 = Release|Any CPU
		{461153A6-F2E4-4BD3-8EFA-F1D3AA2D473D}.AppStore|Any CPU.ActiveCfg = Release|Any CPU
		{461153A6-F2E4-4BD3-8EFA-F1D3AA2D473D}.AppStore|Any CPU.Build.0 = Release|Any CPU
		{461153A6-F2E4-4BD3-8EFA-F1D3AA2D473D}.AppStore|ARM.ActiveCfg = Release|Any CPU
		{461153A6-F2E4-4BD3-8EFA-F1D3AA2D473D}.AppStore|ARM.Build.0 = Release|Any CPU
		{461153A6-F2E4-4BD3-8EFA-F1D3AA2D473D}.AppStore|iPhone.ActiveCfg = Release|Any CPU
		{461153A6-F2E4-4BD3-8EFA-F1D3AA2D473D}.AppStore|iPhone.Build.0 = Release|Any CPU
		{461153A6-F2E4-4BD3-8EFA-F1D3AA2D473D}.AppStore|iPhoneSimulator.ActiveCfg = Release|Any CPU
		{461153A6-F2E4-4BD3-8EFA-F1D3AA2D473D}.AppStore|iPhoneSimulator.Build.0 = Release|Any CPU
		{461153A6-F2E4-4BD3-8EFA-F1D3AA2D473D}.AppStore|x64.ActiveCfg = Release|Any CPU
		{461153A6-F2E4-4BD3-8EFA-F1D3AA2D473D}.AppStore|x64.Build.0 = Release|Any CPU
		{461153A6-F2E4-4BD3-8EFA-F1D3AA2D473D}.AppStore|x86.ActiveCfg = Release|Any CPU
		{461153A6-F2E4-4BD3-8EFA-F1D3AA2D473D}.AppStore|x86.Build.0 = Release|Any CPU
		{461153A6-F2E4-4BD3-8EFA-F1D3AA2D473D}.Debug|Any CPU.ActiveCfg = Debug|Any CPU
		{461153A6-F2E4-4BD3-8EFA-F1D3AA2D473D}.Debug|Any CPU.Build.0 = Debug|Any CPU
		{461153A6-F2E4-4BD3-8EFA-F1D3AA2D473D}.Debug|ARM.ActiveCfg = Debug|Any CPU
		{461153A6-F2E4-4BD3-8EFA-F1D3AA2D473D}.Debug|ARM.Build.0 = Debug|Any CPU
		{461153A6-F2E4-4BD3-8EFA-F1D3AA2D473D}.Debug|iPhone.ActiveCfg = Debug|Any CPU
		{461153A6-F2E4-4BD3-8EFA-F1D3AA2D473D}.Debug|iPhone.Build.0 = Debug|Any CPU
		{461153A6-F2E4-4BD3-8EFA-F1D3AA2D473D}.Debug|iPhoneSimulator.ActiveCfg = Debug|Any CPU
		{461153A6-F2E4-4BD3-8EFA-F1D3AA2D473D}.Debug|iPhoneSimulator.Build.0 = Debug|Any CPU
		{461153A6-F2E4-4BD3-8EFA-F1D3AA2D473D}.Debug|x64.ActiveCfg = Debug|Any CPU
		{461153A6-F2E4-4BD3-8EFA-F1D3AA2D473D}.Debug|x64.Build.0 = Debug|Any CPU
		{461153A6-F2E4-4BD3-8EFA-F1D3AA2D473D}.Debug|x86.ActiveCfg = Debug|Any CPU
		{461153A6-F2E4-4BD3-8EFA-F1D3AA2D473D}.Debug|x86.Build.0 = Debug|Any CPU
		{461153A6-F2E4-4BD3-8EFA-F1D3AA2D473D}.Release|Any CPU.ActiveCfg = Release|Any CPU
		{461153A6-F2E4-4BD3-8EFA-F1D3AA2D473D}.Release|Any CPU.Build.0 = Release|Any CPU
		{461153A6-F2E4-4BD3-8EFA-F1D3AA2D473D}.Release|ARM.ActiveCfg = Release|Any CPU
		{461153A6-F2E4-4BD3-8EFA-F1D3AA2D473D}.Release|ARM.Build.0 = Release|Any CPU
		{461153A6-F2E4-4BD3-8EFA-F1D3AA2D473D}.Release|iPhone.ActiveCfg = Release|Any CPU
		{461153A6-F2E4-4BD3-8EFA-F1D3AA2D473D}.Release|iPhone.Build.0 = Release|Any CPU
		{461153A6-F2E4-4BD3-8EFA-F1D3AA2D473D}.Release|iPhoneSimulator.ActiveCfg = Release|Any CPU
		{461153A6-F2E4-4BD3-8EFA-F1D3AA2D473D}.Release|iPhoneSimulator.Build.0 = Release|Any CPU
		{461153A6-F2E4-4BD3-8EFA-F1D3AA2D473D}.Release|x64.ActiveCfg = Release|Any CPU
		{461153A6-F2E4-4BD3-8EFA-F1D3AA2D473D}.Release|x64.Build.0 = Release|Any CPU
		{461153A6-F2E4-4BD3-8EFA-F1D3AA2D473D}.Release|x86.ActiveCfg = Release|Any CPU
		{461153A6-F2E4-4BD3-8EFA-F1D3AA2D473D}.Release|x86.Build.0 = Release|Any CPU
		{61B754D1-C5BB-4981-9DB9-0DDBC8B5B750}.Ad-Hoc|Any CPU.ActiveCfg = Release|Any CPU
		{61B754D1-C5BB-4981-9DB9-0DDBC8B5B750}.Ad-Hoc|Any CPU.Build.0 = Release|Any CPU
		{61B754D1-C5BB-4981-9DB9-0DDBC8B5B750}.Ad-Hoc|Any CPU.Deploy.0 = Release|Any CPU
		{61B754D1-C5BB-4981-9DB9-0DDBC8B5B750}.Ad-Hoc|ARM.ActiveCfg = Release|Any CPU
		{61B754D1-C5BB-4981-9DB9-0DDBC8B5B750}.Ad-Hoc|ARM.Build.0 = Release|Any CPU
		{61B754D1-C5BB-4981-9DB9-0DDBC8B5B750}.Ad-Hoc|ARM.Deploy.0 = Release|Any CPU
		{61B754D1-C5BB-4981-9DB9-0DDBC8B5B750}.Ad-Hoc|iPhone.ActiveCfg = Release|Any CPU
		{61B754D1-C5BB-4981-9DB9-0DDBC8B5B750}.Ad-Hoc|iPhone.Build.0 = Release|Any CPU
		{61B754D1-C5BB-4981-9DB9-0DDBC8B5B750}.Ad-Hoc|iPhone.Deploy.0 = Release|Any CPU
		{61B754D1-C5BB-4981-9DB9-0DDBC8B5B750}.Ad-Hoc|iPhoneSimulator.ActiveCfg = Release|Any CPU
		{61B754D1-C5BB-4981-9DB9-0DDBC8B5B750}.Ad-Hoc|iPhoneSimulator.Build.0 = Release|Any CPU
		{61B754D1-C5BB-4981-9DB9-0DDBC8B5B750}.Ad-Hoc|iPhoneSimulator.Deploy.0 = Release|Any CPU
		{61B754D1-C5BB-4981-9DB9-0DDBC8B5B750}.Ad-Hoc|x64.ActiveCfg = Release|Any CPU
		{61B754D1-C5BB-4981-9DB9-0DDBC8B5B750}.Ad-Hoc|x64.Build.0 = Release|Any CPU
		{61B754D1-C5BB-4981-9DB9-0DDBC8B5B750}.Ad-Hoc|x64.Deploy.0 = Release|Any CPU
		{61B754D1-C5BB-4981-9DB9-0DDBC8B5B750}.Ad-Hoc|x86.ActiveCfg = Release|Any CPU
		{61B754D1-C5BB-4981-9DB9-0DDBC8B5B750}.Ad-Hoc|x86.Build.0 = Release|Any CPU
		{61B754D1-C5BB-4981-9DB9-0DDBC8B5B750}.Ad-Hoc|x86.Deploy.0 = Release|Any CPU
		{61B754D1-C5BB-4981-9DB9-0DDBC8B5B750}.AppStore|Any CPU.ActiveCfg = Release|Any CPU
		{61B754D1-C5BB-4981-9DB9-0DDBC8B5B750}.AppStore|Any CPU.Build.0 = Release|Any CPU
		{61B754D1-C5BB-4981-9DB9-0DDBC8B5B750}.AppStore|Any CPU.Deploy.0 = Release|Any CPU
		{61B754D1-C5BB-4981-9DB9-0DDBC8B5B750}.AppStore|ARM.ActiveCfg = Release|Any CPU
		{61B754D1-C5BB-4981-9DB9-0DDBC8B5B750}.AppStore|ARM.Build.0 = Release|Any CPU
		{61B754D1-C5BB-4981-9DB9-0DDBC8B5B750}.AppStore|ARM.Deploy.0 = Release|Any CPU
		{61B754D1-C5BB-4981-9DB9-0DDBC8B5B750}.AppStore|iPhone.ActiveCfg = Release|Any CPU
		{61B754D1-C5BB-4981-9DB9-0DDBC8B5B750}.AppStore|iPhone.Build.0 = Release|Any CPU
		{61B754D1-C5BB-4981-9DB9-0DDBC8B5B750}.AppStore|iPhone.Deploy.0 = Release|Any CPU
		{61B754D1-C5BB-4981-9DB9-0DDBC8B5B750}.AppStore|iPhoneSimulator.ActiveCfg = Release|Any CPU
		{61B754D1-C5BB-4981-9DB9-0DDBC8B5B750}.AppStore|iPhoneSimulator.Build.0 = Release|Any CPU
		{61B754D1-C5BB-4981-9DB9-0DDBC8B5B750}.AppStore|iPhoneSimulator.Deploy.0 = Release|Any CPU
		{61B754D1-C5BB-4981-9DB9-0DDBC8B5B750}.AppStore|x64.ActiveCfg = Release|Any CPU
		{61B754D1-C5BB-4981-9DB9-0DDBC8B5B750}.AppStore|x64.Build.0 = Release|Any CPU
		{61B754D1-C5BB-4981-9DB9-0DDBC8B5B750}.AppStore|x64.Deploy.0 = Release|Any CPU
		{61B754D1-C5BB-4981-9DB9-0DDBC8B5B750}.AppStore|x86.ActiveCfg = Release|Any CPU
		{61B754D1-C5BB-4981-9DB9-0DDBC8B5B750}.AppStore|x86.Build.0 = Release|Any CPU
		{61B754D1-C5BB-4981-9DB9-0DDBC8B5B750}.AppStore|x86.Deploy.0 = Release|Any CPU
		{61B754D1-C5BB-4981-9DB9-0DDBC8B5B750}.Debug|Any CPU.ActiveCfg = Debug|Any CPU
		{61B754D1-C5BB-4981-9DB9-0DDBC8B5B750}.Debug|Any CPU.Build.0 = Debug|Any CPU
		{61B754D1-C5BB-4981-9DB9-0DDBC8B5B750}.Debug|Any CPU.Deploy.0 = Debug|Any CPU
		{61B754D1-C5BB-4981-9DB9-0DDBC8B5B750}.Debug|ARM.ActiveCfg = Debug|Any CPU
		{61B754D1-C5BB-4981-9DB9-0DDBC8B5B750}.Debug|ARM.Build.0 = Debug|Any CPU
		{61B754D1-C5BB-4981-9DB9-0DDBC8B5B750}.Debug|ARM.Deploy.0 = Debug|Any CPU
		{61B754D1-C5BB-4981-9DB9-0DDBC8B5B750}.Debug|iPhone.ActiveCfg = Debug|Any CPU
		{61B754D1-C5BB-4981-9DB9-0DDBC8B5B750}.Debug|iPhone.Build.0 = Debug|Any CPU
		{61B754D1-C5BB-4981-9DB9-0DDBC8B5B750}.Debug|iPhone.Deploy.0 = Debug|Any CPU
		{61B754D1-C5BB-4981-9DB9-0DDBC8B5B750}.Debug|iPhoneSimulator.ActiveCfg = Debug|Any CPU
		{61B754D1-C5BB-4981-9DB9-0DDBC8B5B750}.Debug|iPhoneSimulator.Build.0 = Debug|Any CPU
		{61B754D1-C5BB-4981-9DB9-0DDBC8B5B750}.Debug|iPhoneSimulator.Deploy.0 = Debug|Any CPU
		{61B754D1-C5BB-4981-9DB9-0DDBC8B5B750}.Debug|x64.ActiveCfg = Debug|Any CPU
		{61B754D1-C5BB-4981-9DB9-0DDBC8B5B750}.Debug|x64.Build.0 = Debug|Any CPU
		{61B754D1-C5BB-4981-9DB9-0DDBC8B5B750}.Debug|x64.Deploy.0 = Debug|Any CPU
		{61B754D1-C5BB-4981-9DB9-0DDBC8B5B750}.Debug|x86.ActiveCfg = Debug|Any CPU
		{61B754D1-C5BB-4981-9DB9-0DDBC8B5B750}.Debug|x86.Build.0 = Debug|Any CPU
		{61B754D1-C5BB-4981-9DB9-0DDBC8B5B750}.Debug|x86.Deploy.0 = Debug|Any CPU
		{61B754D1-C5BB-4981-9DB9-0DDBC8B5B750}.Release|Any CPU.ActiveCfg = Release|Any CPU
		{61B754D1-C5BB-4981-9DB9-0DDBC8B5B750}.Release|Any CPU.Build.0 = Release|Any CPU
		{61B754D1-C5BB-4981-9DB9-0DDBC8B5B750}.Release|Any CPU.Deploy.0 = Release|Any CPU
		{61B754D1-C5BB-4981-9DB9-0DDBC8B5B750}.Release|ARM.ActiveCfg = Release|Any CPU
		{61B754D1-C5BB-4981-9DB9-0DDBC8B5B750}.Release|ARM.Build.0 = Release|Any CPU
		{61B754D1-C5BB-4981-9DB9-0DDBC8B5B750}.Release|ARM.Deploy.0 = Release|Any CPU
		{61B754D1-C5BB-4981-9DB9-0DDBC8B5B750}.Release|iPhone.ActiveCfg = Release|Any CPU
		{61B754D1-C5BB-4981-9DB9-0DDBC8B5B750}.Release|iPhone.Build.0 = Release|Any CPU
		{61B754D1-C5BB-4981-9DB9-0DDBC8B5B750}.Release|iPhone.Deploy.0 = Release|Any CPU
		{61B754D1-C5BB-4981-9DB9-0DDBC8B5B750}.Release|iPhoneSimulator.ActiveCfg = Release|Any CPU
		{61B754D1-C5BB-4981-9DB9-0DDBC8B5B750}.Release|iPhoneSimulator.Build.0 = Release|Any CPU
		{61B754D1-C5BB-4981-9DB9-0DDBC8B5B750}.Release|iPhoneSimulator.Deploy.0 = Release|Any CPU
		{61B754D1-C5BB-4981-9DB9-0DDBC8B5B750}.Release|x64.ActiveCfg = Release|Any CPU
		{61B754D1-C5BB-4981-9DB9-0DDBC8B5B750}.Release|x64.Build.0 = Release|Any CPU
		{61B754D1-C5BB-4981-9DB9-0DDBC8B5B750}.Release|x64.Deploy.0 = Release|Any CPU
		{61B754D1-C5BB-4981-9DB9-0DDBC8B5B750}.Release|x86.ActiveCfg = Release|Any CPU
		{61B754D1-C5BB-4981-9DB9-0DDBC8B5B750}.Release|x86.Build.0 = Release|Any CPU
		{61B754D1-C5BB-4981-9DB9-0DDBC8B5B750}.Release|x86.Deploy.0 = Release|Any CPU
		{C53F0D82-3999-4A82-8199-ED678491DC61}.Ad-Hoc|Any CPU.ActiveCfg = Ad-Hoc|iPhone
		{C53F0D82-3999-4A82-8199-ED678491DC61}.Ad-Hoc|ARM.ActiveCfg = Ad-Hoc|iPhone
		{C53F0D82-3999-4A82-8199-ED678491DC61}.Ad-Hoc|iPhone.ActiveCfg = Ad-Hoc|iPhone
		{C53F0D82-3999-4A82-8199-ED678491DC61}.Ad-Hoc|iPhone.Build.0 = Ad-Hoc|iPhone
		{C53F0D82-3999-4A82-8199-ED678491DC61}.Ad-Hoc|iPhoneSimulator.ActiveCfg = Ad-Hoc|iPhoneSimulator
		{C53F0D82-3999-4A82-8199-ED678491DC61}.Ad-Hoc|iPhoneSimulator.Build.0 = Ad-Hoc|iPhoneSimulator
		{C53F0D82-3999-4A82-8199-ED678491DC61}.Ad-Hoc|x64.ActiveCfg = Ad-Hoc|iPhone
		{C53F0D82-3999-4A82-8199-ED678491DC61}.Ad-Hoc|x86.ActiveCfg = Ad-Hoc|iPhone
		{C53F0D82-3999-4A82-8199-ED678491DC61}.AppStore|Any CPU.ActiveCfg = AppStore|iPhone
		{C53F0D82-3999-4A82-8199-ED678491DC61}.AppStore|ARM.ActiveCfg = AppStore|iPhone
		{C53F0D82-3999-4A82-8199-ED678491DC61}.AppStore|iPhone.ActiveCfg = AppStore|iPhone
		{C53F0D82-3999-4A82-8199-ED678491DC61}.AppStore|iPhone.Build.0 = AppStore|iPhone
		{C53F0D82-3999-4A82-8199-ED678491DC61}.AppStore|iPhoneSimulator.ActiveCfg = AppStore|iPhoneSimulator
		{C53F0D82-3999-4A82-8199-ED678491DC61}.AppStore|iPhoneSimulator.Build.0 = AppStore|iPhoneSimulator
		{C53F0D82-3999-4A82-8199-ED678491DC61}.AppStore|x64.ActiveCfg = AppStore|iPhone
		{C53F0D82-3999-4A82-8199-ED678491DC61}.AppStore|x86.ActiveCfg = AppStore|iPhone
		{C53F0D82-3999-4A82-8199-ED678491DC61}.Debug|Any CPU.ActiveCfg = Debug|iPhone
		{C53F0D82-3999-4A82-8199-ED678491DC61}.Debug|ARM.ActiveCfg = Debug|iPhone
		{C53F0D82-3999-4A82-8199-ED678491DC61}.Debug|iPhone.ActiveCfg = Debug|iPhone
		{C53F0D82-3999-4A82-8199-ED678491DC61}.Debug|iPhone.Build.0 = Debug|iPhone
		{C53F0D82-3999-4A82-8199-ED678491DC61}.Debug|iPhoneSimulator.ActiveCfg = Debug|iPhoneSimulator
		{C53F0D82-3999-4A82-8199-ED678491DC61}.Debug|iPhoneSimulator.Build.0 = Debug|iPhoneSimulator
		{C53F0D82-3999-4A82-8199-ED678491DC61}.Debug|x64.ActiveCfg = Debug|iPhone
		{C53F0D82-3999-4A82-8199-ED678491DC61}.Debug|x86.ActiveCfg = Debug|iPhone
		{C53F0D82-3999-4A82-8199-ED678491DC61}.Release|Any CPU.ActiveCfg = Release|iPhone
		{C53F0D82-3999-4A82-8199-ED678491DC61}.Release|ARM.ActiveCfg = Release|iPhone
		{C53F0D82-3999-4A82-8199-ED678491DC61}.Release|iPhone.ActiveCfg = Release|iPhone
		{C53F0D82-3999-4A82-8199-ED678491DC61}.Release|iPhone.Build.0 = Release|iPhone
		{C53F0D82-3999-4A82-8199-ED678491DC61}.Release|iPhoneSimulator.ActiveCfg = Release|iPhoneSimulator
		{C53F0D82-3999-4A82-8199-ED678491DC61}.Release|iPhoneSimulator.Build.0 = Release|iPhoneSimulator
		{C53F0D82-3999-4A82-8199-ED678491DC61}.Release|x64.ActiveCfg = Release|iPhone
		{C53F0D82-3999-4A82-8199-ED678491DC61}.Release|x86.ActiveCfg = Release|iPhone
		{E677950F-4335-4B72-8D63-803C8DCA2B3C}.Ad-Hoc|Any CPU.ActiveCfg = Release|Any CPU
		{E677950F-4335-4B72-8D63-803C8DCA2B3C}.Ad-Hoc|Any CPU.Build.0 = Release|Any CPU
		{E677950F-4335-4B72-8D63-803C8DCA2B3C}.Ad-Hoc|Any CPU.Deploy.0 = Release|Any CPU
		{E677950F-4335-4B72-8D63-803C8DCA2B3C}.Ad-Hoc|ARM.ActiveCfg = Release|ARM
		{E677950F-4335-4B72-8D63-803C8DCA2B3C}.Ad-Hoc|ARM.Build.0 = Release|ARM
		{E677950F-4335-4B72-8D63-803C8DCA2B3C}.Ad-Hoc|ARM.Deploy.0 = Release|ARM
		{E677950F-4335-4B72-8D63-803C8DCA2B3C}.Ad-Hoc|iPhone.ActiveCfg = Release|Any CPU
		{E677950F-4335-4B72-8D63-803C8DCA2B3C}.Ad-Hoc|iPhone.Build.0 = Release|Any CPU
		{E677950F-4335-4B72-8D63-803C8DCA2B3C}.Ad-Hoc|iPhone.Deploy.0 = Release|Any CPU
		{E677950F-4335-4B72-8D63-803C8DCA2B3C}.Ad-Hoc|iPhoneSimulator.ActiveCfg = Release|Any CPU
		{E677950F-4335-4B72-8D63-803C8DCA2B3C}.Ad-Hoc|iPhoneSimulator.Build.0 = Release|Any CPU
		{E677950F-4335-4B72-8D63-803C8DCA2B3C}.Ad-Hoc|iPhoneSimulator.Deploy.0 = Release|Any CPU
		{E677950F-4335-4B72-8D63-803C8DCA2B3C}.Ad-Hoc|x64.ActiveCfg = Release|Any CPU
		{E677950F-4335-4B72-8D63-803C8DCA2B3C}.Ad-Hoc|x64.Build.0 = Release|Any CPU
		{E677950F-4335-4B72-8D63-803C8DCA2B3C}.Ad-Hoc|x64.Deploy.0 = Release|Any CPU
		{E677950F-4335-4B72-8D63-803C8DCA2B3C}.Ad-Hoc|x86.ActiveCfg = Release|x86
		{E677950F-4335-4B72-8D63-803C8DCA2B3C}.Ad-Hoc|x86.Build.0 = Release|x86
		{E677950F-4335-4B72-8D63-803C8DCA2B3C}.Ad-Hoc|x86.Deploy.0 = Release|x86
		{E677950F-4335-4B72-8D63-803C8DCA2B3C}.AppStore|Any CPU.ActiveCfg = Release|Any CPU
		{E677950F-4335-4B72-8D63-803C8DCA2B3C}.AppStore|Any CPU.Build.0 = Release|Any CPU
		{E677950F-4335-4B72-8D63-803C8DCA2B3C}.AppStore|Any CPU.Deploy.0 = Release|Any CPU
		{E677950F-4335-4B72-8D63-803C8DCA2B3C}.AppStore|ARM.ActiveCfg = Release|ARM
		{E677950F-4335-4B72-8D63-803C8DCA2B3C}.AppStore|ARM.Build.0 = Release|ARM
		{E677950F-4335-4B72-8D63-803C8DCA2B3C}.AppStore|ARM.Deploy.0 = Release|ARM
		{E677950F-4335-4B72-8D63-803C8DCA2B3C}.AppStore|iPhone.ActiveCfg = Release|Any CPU
		{E677950F-4335-4B72-8D63-803C8DCA2B3C}.AppStore|iPhone.Build.0 = Release|Any CPU
		{E677950F-4335-4B72-8D63-803C8DCA2B3C}.AppStore|iPhone.Deploy.0 = Release|Any CPU
		{E677950F-4335-4B72-8D63-803C8DCA2B3C}.AppStore|iPhoneSimulator.ActiveCfg = Release|Any CPU
		{E677950F-4335-4B72-8D63-803C8DCA2B3C}.AppStore|iPhoneSimulator.Build.0 = Release|Any CPU
		{E677950F-4335-4B72-8D63-803C8DCA2B3C}.AppStore|iPhoneSimulator.Deploy.0 = Release|Any CPU
		{E677950F-4335-4B72-8D63-803C8DCA2B3C}.AppStore|x64.ActiveCfg = Release|Any CPU
		{E677950F-4335-4B72-8D63-803C8DCA2B3C}.AppStore|x64.Build.0 = Release|Any CPU
		{E677950F-4335-4B72-8D63-803C8DCA2B3C}.AppStore|x64.Deploy.0 = Release|Any CPU
		{E677950F-4335-4B72-8D63-803C8DCA2B3C}.AppStore|x86.ActiveCfg = Release|x86
		{E677950F-4335-4B72-8D63-803C8DCA2B3C}.AppStore|x86.Build.0 = Release|x86
		{E677950F-4335-4B72-8D63-803C8DCA2B3C}.AppStore|x86.Deploy.0 = Release|x86
		{E677950F-4335-4B72-8D63-803C8DCA2B3C}.Debug|Any CPU.ActiveCfg = Debug|Any CPU
		{E677950F-4335-4B72-8D63-803C8DCA2B3C}.Debug|Any CPU.Build.0 = Debug|Any CPU
		{E677950F-4335-4B72-8D63-803C8DCA2B3C}.Debug|Any CPU.Deploy.0 = Debug|Any CPU
		{E677950F-4335-4B72-8D63-803C8DCA2B3C}.Debug|ARM.ActiveCfg = Debug|ARM
		{E677950F-4335-4B72-8D63-803C8DCA2B3C}.Debug|ARM.Build.0 = Debug|ARM
		{E677950F-4335-4B72-8D63-803C8DCA2B3C}.Debug|ARM.Deploy.0 = Debug|ARM
		{E677950F-4335-4B72-8D63-803C8DCA2B3C}.Debug|iPhone.ActiveCfg = Debug|Any CPU
		{E677950F-4335-4B72-8D63-803C8DCA2B3C}.Debug|iPhone.Build.0 = Debug|Any CPU
		{E677950F-4335-4B72-8D63-803C8DCA2B3C}.Debug|iPhone.Deploy.0 = Debug|Any CPU
		{E677950F-4335-4B72-8D63-803C8DCA2B3C}.Debug|iPhoneSimulator.ActiveCfg = Debug|Any CPU
		{E677950F-4335-4B72-8D63-803C8DCA2B3C}.Debug|iPhoneSimulator.Build.0 = Debug|Any CPU
		{E677950F-4335-4B72-8D63-803C8DCA2B3C}.Debug|iPhoneSimulator.Deploy.0 = Debug|Any CPU
		{E677950F-4335-4B72-8D63-803C8DCA2B3C}.Debug|x64.ActiveCfg = Debug|Any CPU
		{E677950F-4335-4B72-8D63-803C8DCA2B3C}.Debug|x64.Build.0 = Debug|Any CPU
		{E677950F-4335-4B72-8D63-803C8DCA2B3C}.Debug|x64.Deploy.0 = Debug|Any CPU
		{E677950F-4335-4B72-8D63-803C8DCA2B3C}.Debug|x86.ActiveCfg = Debug|x86
		{E677950F-4335-4B72-8D63-803C8DCA2B3C}.Debug|x86.Build.0 = Debug|x86
		{E677950F-4335-4B72-8D63-803C8DCA2B3C}.Debug|x86.Deploy.0 = Debug|x86
		{E677950F-4335-4B72-8D63-803C8DCA2B3C}.Release|Any CPU.ActiveCfg = Release|Any CPU
		{E677950F-4335-4B72-8D63-803C8DCA2B3C}.Release|Any CPU.Build.0 = Release|Any CPU
		{E677950F-4335-4B72-8D63-803C8DCA2B3C}.Release|Any CPU.Deploy.0 = Release|Any CPU
		{E677950F-4335-4B72-8D63-803C8DCA2B3C}.Release|ARM.ActiveCfg = Release|ARM
		{E677950F-4335-4B72-8D63-803C8DCA2B3C}.Release|ARM.Build.0 = Release|ARM
		{E677950F-4335-4B72-8D63-803C8DCA2B3C}.Release|ARM.Deploy.0 = Release|ARM
		{E677950F-4335-4B72-8D63-803C8DCA2B3C}.Release|iPhone.ActiveCfg = Release|Any CPU
		{E677950F-4335-4B72-8D63-803C8DCA2B3C}.Release|iPhone.Build.0 = Release|Any CPU
		{E677950F-4335-4B72-8D63-803C8DCA2B3C}.Release|iPhone.Deploy.0 = Release|Any CPU
		{E677950F-4335-4B72-8D63-803C8DCA2B3C}.Release|iPhoneSimulator.ActiveCfg = Release|Any CPU
		{E677950F-4335-4B72-8D63-803C8DCA2B3C}.Release|iPhoneSimulator.Build.0 = Release|Any CPU
		{E677950F-4335-4B72-8D63-803C8DCA2B3C}.Release|iPhoneSimulator.Deploy.0 = Release|Any CPU
		{E677950F-4335-4B72-8D63-803C8DCA2B3C}.Release|x64.ActiveCfg = Release|Any CPU
		{E677950F-4335-4B72-8D63-803C8DCA2B3C}.Release|x64.Build.0 = Release|Any CPU
		{E677950F-4335-4B72-8D63-803C8DCA2B3C}.Release|x64.Deploy.0 = Release|Any CPU
		{E677950F-4335-4B72-8D63-803C8DCA2B3C}.Release|x86.ActiveCfg = Release|x86
		{E677950F-4335-4B72-8D63-803C8DCA2B3C}.Release|x86.Build.0 = Release|x86
		{E677950F-4335-4B72-8D63-803C8DCA2B3C}.Release|x86.Deploy.0 = Release|x86
		{3A61A7E5-927E-4938-89D3-C3FC75B163F1}.Ad-Hoc|Any CPU.ActiveCfg = Release|x86
		{3A61A7E5-927E-4938-89D3-C3FC75B163F1}.Ad-Hoc|Any CPU.Build.0 = Release|x86
		{3A61A7E5-927E-4938-89D3-C3FC75B163F1}.Ad-Hoc|Any CPU.Deploy.0 = Release|x86
		{3A61A7E5-927E-4938-89D3-C3FC75B163F1}.Ad-Hoc|ARM.ActiveCfg = Release|ARM
		{3A61A7E5-927E-4938-89D3-C3FC75B163F1}.Ad-Hoc|ARM.Build.0 = Release|ARM
		{3A61A7E5-927E-4938-89D3-C3FC75B163F1}.Ad-Hoc|ARM.Deploy.0 = Release|ARM
		{3A61A7E5-927E-4938-89D3-C3FC75B163F1}.Ad-Hoc|iPhone.ActiveCfg = Release|x86
		{3A61A7E5-927E-4938-89D3-C3FC75B163F1}.Ad-Hoc|iPhone.Build.0 = Release|x86
		{3A61A7E5-927E-4938-89D3-C3FC75B163F1}.Ad-Hoc|iPhone.Deploy.0 = Release|x86
		{3A61A7E5-927E-4938-89D3-C3FC75B163F1}.Ad-Hoc|iPhoneSimulator.ActiveCfg = Release|x86
		{3A61A7E5-927E-4938-89D3-C3FC75B163F1}.Ad-Hoc|iPhoneSimulator.Build.0 = Release|x86
		{3A61A7E5-927E-4938-89D3-C3FC75B163F1}.Ad-Hoc|iPhoneSimulator.Deploy.0 = Release|x86
		{3A61A7E5-927E-4938-89D3-C3FC75B163F1}.Ad-Hoc|x64.ActiveCfg = Release|x64
		{3A61A7E5-927E-4938-89D3-C3FC75B163F1}.Ad-Hoc|x64.Build.0 = Release|x64
		{3A61A7E5-927E-4938-89D3-C3FC75B163F1}.Ad-Hoc|x64.Deploy.0 = Release|x64
		{3A61A7E5-927E-4938-89D3-C3FC75B163F1}.Ad-Hoc|x86.ActiveCfg = Release|x86
		{3A61A7E5-927E-4938-89D3-C3FC75B163F1}.Ad-Hoc|x86.Build.0 = Release|x86
		{3A61A7E5-927E-4938-89D3-C3FC75B163F1}.Ad-Hoc|x86.Deploy.0 = Release|x86
		{3A61A7E5-927E-4938-89D3-C3FC75B163F1}.AppStore|Any CPU.ActiveCfg = Release|x86
		{3A61A7E5-927E-4938-89D3-C3FC75B163F1}.AppStore|Any CPU.Build.0 = Release|x86
		{3A61A7E5-927E-4938-89D3-C3FC75B163F1}.AppStore|Any CPU.Deploy.0 = Release|x86
		{3A61A7E5-927E-4938-89D3-C3FC75B163F1}.AppStore|ARM.ActiveCfg = Release|ARM
		{3A61A7E5-927E-4938-89D3-C3FC75B163F1}.AppStore|ARM.Build.0 = Release|ARM
		{3A61A7E5-927E-4938-89D3-C3FC75B163F1}.AppStore|ARM.Deploy.0 = Release|ARM
		{3A61A7E5-927E-4938-89D3-C3FC75B163F1}.AppStore|iPhone.ActiveCfg = Release|x86
		{3A61A7E5-927E-4938-89D3-C3FC75B163F1}.AppStore|iPhone.Build.0 = Release|x86
		{3A61A7E5-927E-4938-89D3-C3FC75B163F1}.AppStore|iPhone.Deploy.0 = Release|x86
		{3A61A7E5-927E-4938-89D3-C3FC75B163F1}.AppStore|iPhoneSimulator.ActiveCfg = Release|x86
		{3A61A7E5-927E-4938-89D3-C3FC75B163F1}.AppStore|iPhoneSimulator.Build.0 = Release|x86
		{3A61A7E5-927E-4938-89D3-C3FC75B163F1}.AppStore|iPhoneSimulator.Deploy.0 = Release|x86
		{3A61A7E5-927E-4938-89D3-C3FC75B163F1}.AppStore|x64.ActiveCfg = Release|x64
		{3A61A7E5-927E-4938-89D3-C3FC75B163F1}.AppStore|x64.Build.0 = Release|x64
		{3A61A7E5-927E-4938-89D3-C3FC75B163F1}.AppStore|x64.Deploy.0 = Release|x64
		{3A61A7E5-927E-4938-89D3-C3FC75B163F1}.AppStore|x86.ActiveCfg = Release|x86
		{3A61A7E5-927E-4938-89D3-C3FC75B163F1}.AppStore|x86.Build.0 = Release|x86
		{3A61A7E5-927E-4938-89D3-C3FC75B163F1}.AppStore|x86.Deploy.0 = Release|x86
		{3A61A7E5-927E-4938-89D3-C3FC75B163F1}.Debug|Any CPU.ActiveCfg = Debug|x86
		{3A61A7E5-927E-4938-89D3-C3FC75B163F1}.Debug|ARM.ActiveCfg = Debug|ARM
		{3A61A7E5-927E-4938-89D3-C3FC75B163F1}.Debug|ARM.Build.0 = Debug|ARM
		{3A61A7E5-927E-4938-89D3-C3FC75B163F1}.Debug|ARM.Deploy.0 = Debug|ARM
		{3A61A7E5-927E-4938-89D3-C3FC75B163F1}.Debug|iPhone.ActiveCfg = Debug|x86
		{3A61A7E5-927E-4938-89D3-C3FC75B163F1}.Debug|iPhoneSimulator.ActiveCfg = Debug|x86
		{3A61A7E5-927E-4938-89D3-C3FC75B163F1}.Debug|x64.ActiveCfg = Debug|x64
		{3A61A7E5-927E-4938-89D3-C3FC75B163F1}.Debug|x64.Build.0 = Debug|x64
		{3A61A7E5-927E-4938-89D3-C3FC75B163F1}.Debug|x64.Deploy.0 = Debug|x64
		{3A61A7E5-927E-4938-89D3-C3FC75B163F1}.Debug|x86.ActiveCfg = Debug|x86
		{3A61A7E5-927E-4938-89D3-C3FC75B163F1}.Debug|x86.Build.0 = Debug|x86
		{3A61A7E5-927E-4938-89D3-C3FC75B163F1}.Debug|x86.Deploy.0 = Debug|x86
		{3A61A7E5-927E-4938-89D3-C3FC75B163F1}.Release|Any CPU.ActiveCfg = Release|x86
		{3A61A7E5-927E-4938-89D3-C3FC75B163F1}.Release|ARM.ActiveCfg = Release|ARM
		{3A61A7E5-927E-4938-89D3-C3FC75B163F1}.Release|ARM.Build.0 = Release|ARM
		{3A61A7E5-927E-4938-89D3-C3FC75B163F1}.Release|ARM.Deploy.0 = Release|ARM
		{3A61A7E5-927E-4938-89D3-C3FC75B163F1}.Release|iPhone.ActiveCfg = Release|x86
		{3A61A7E5-927E-4938-89D3-C3FC75B163F1}.Release|iPhoneSimulator.ActiveCfg = Release|x86
		{3A61A7E5-927E-4938-89D3-C3FC75B163F1}.Release|x64.ActiveCfg = Release|x64
		{3A61A7E5-927E-4938-89D3-C3FC75B163F1}.Release|x64.Build.0 = Release|x64
		{3A61A7E5-927E-4938-89D3-C3FC75B163F1}.Release|x64.Deploy.0 = Release|x64
		{3A61A7E5-927E-4938-89D3-C3FC75B163F1}.Release|x86.ActiveCfg = Release|x86
		{3A61A7E5-927E-4938-89D3-C3FC75B163F1}.Release|x86.Build.0 = Release|x86
		{3A61A7E5-927E-4938-89D3-C3FC75B163F1}.Release|x86.Deploy.0 = Release|x86
		{C7017E9F-1922-4AEF-87E5-85688198A2FA}.Ad-Hoc|Any CPU.ActiveCfg = Release|Any CPU
		{C7017E9F-1922-4AEF-87E5-85688198A2FA}.Ad-Hoc|Any CPU.Build.0 = Release|Any CPU
		{C7017E9F-1922-4AEF-87E5-85688198A2FA}.Ad-Hoc|Any CPU.Deploy.0 = Release|Any CPU
		{C7017E9F-1922-4AEF-87E5-85688198A2FA}.Ad-Hoc|ARM.ActiveCfg = Release|ARM
		{C7017E9F-1922-4AEF-87E5-85688198A2FA}.Ad-Hoc|ARM.Build.0 = Release|ARM
		{C7017E9F-1922-4AEF-87E5-85688198A2FA}.Ad-Hoc|ARM.Deploy.0 = Release|ARM
		{C7017E9F-1922-4AEF-87E5-85688198A2FA}.Ad-Hoc|iPhone.ActiveCfg = Release|Any CPU
		{C7017E9F-1922-4AEF-87E5-85688198A2FA}.Ad-Hoc|iPhone.Build.0 = Release|Any CPU
		{C7017E9F-1922-4AEF-87E5-85688198A2FA}.Ad-Hoc|iPhone.Deploy.0 = Release|Any CPU
		{C7017E9F-1922-4AEF-87E5-85688198A2FA}.Ad-Hoc|iPhoneSimulator.ActiveCfg = Release|Any CPU
		{C7017E9F-1922-4AEF-87E5-85688198A2FA}.Ad-Hoc|iPhoneSimulator.Build.0 = Release|Any CPU
		{C7017E9F-1922-4AEF-87E5-85688198A2FA}.Ad-Hoc|iPhoneSimulator.Deploy.0 = Release|Any CPU
		{C7017E9F-1922-4AEF-87E5-85688198A2FA}.Ad-Hoc|x64.ActiveCfg = Release|x64
		{C7017E9F-1922-4AEF-87E5-85688198A2FA}.Ad-Hoc|x64.Build.0 = Release|x64
		{C7017E9F-1922-4AEF-87E5-85688198A2FA}.Ad-Hoc|x64.Deploy.0 = Release|x64
		{C7017E9F-1922-4AEF-87E5-85688198A2FA}.Ad-Hoc|x86.ActiveCfg = Release|x86
		{C7017E9F-1922-4AEF-87E5-85688198A2FA}.Ad-Hoc|x86.Build.0 = Release|x86
		{C7017E9F-1922-4AEF-87E5-85688198A2FA}.Ad-Hoc|x86.Deploy.0 = Release|x86
		{C7017E9F-1922-4AEF-87E5-85688198A2FA}.AppStore|Any CPU.ActiveCfg = Release|Any CPU
		{C7017E9F-1922-4AEF-87E5-85688198A2FA}.AppStore|Any CPU.Build.0 = Release|Any CPU
		{C7017E9F-1922-4AEF-87E5-85688198A2FA}.AppStore|Any CPU.Deploy.0 = Release|Any CPU
		{C7017E9F-1922-4AEF-87E5-85688198A2FA}.AppStore|ARM.ActiveCfg = Release|ARM
		{C7017E9F-1922-4AEF-87E5-85688198A2FA}.AppStore|ARM.Build.0 = Release|ARM
		{C7017E9F-1922-4AEF-87E5-85688198A2FA}.AppStore|ARM.Deploy.0 = Release|ARM
		{C7017E9F-1922-4AEF-87E5-85688198A2FA}.AppStore|iPhone.ActiveCfg = Release|Any CPU
		{C7017E9F-1922-4AEF-87E5-85688198A2FA}.AppStore|iPhone.Build.0 = Release|Any CPU
		{C7017E9F-1922-4AEF-87E5-85688198A2FA}.AppStore|iPhone.Deploy.0 = Release|Any CPU
		{C7017E9F-1922-4AEF-87E5-85688198A2FA}.AppStore|iPhoneSimulator.ActiveCfg = Release|Any CPU
		{C7017E9F-1922-4AEF-87E5-85688198A2FA}.AppStore|iPhoneSimulator.Build.0 = Release|Any CPU
		{C7017E9F-1922-4AEF-87E5-85688198A2FA}.AppStore|iPhoneSimulator.Deploy.0 = Release|Any CPU
		{C7017E9F-1922-4AEF-87E5-85688198A2FA}.AppStore|x64.ActiveCfg = Release|x64
		{C7017E9F-1922-4AEF-87E5-85688198A2FA}.AppStore|x64.Build.0 = Release|x64
		{C7017E9F-1922-4AEF-87E5-85688198A2FA}.AppStore|x64.Deploy.0 = Release|x64
		{C7017E9F-1922-4AEF-87E5-85688198A2FA}.AppStore|x86.ActiveCfg = Release|x86
		{C7017E9F-1922-4AEF-87E5-85688198A2FA}.AppStore|x86.Build.0 = Release|x86
		{C7017E9F-1922-4AEF-87E5-85688198A2FA}.AppStore|x86.Deploy.0 = Release|x86
		{C7017E9F-1922-4AEF-87E5-85688198A2FA}.Debug|Any CPU.ActiveCfg = Debug|Any CPU
		{C7017E9F-1922-4AEF-87E5-85688198A2FA}.Debug|Any CPU.Build.0 = Debug|Any CPU
		{C7017E9F-1922-4AEF-87E5-85688198A2FA}.Debug|Any CPU.Deploy.0 = Debug|Any CPU
		{C7017E9F-1922-4AEF-87E5-85688198A2FA}.Debug|ARM.ActiveCfg = Debug|ARM
		{C7017E9F-1922-4AEF-87E5-85688198A2FA}.Debug|ARM.Build.0 = Debug|ARM
		{C7017E9F-1922-4AEF-87E5-85688198A2FA}.Debug|ARM.Deploy.0 = Debug|ARM
		{C7017E9F-1922-4AEF-87E5-85688198A2FA}.Debug|iPhone.ActiveCfg = Debug|Any CPU
		{C7017E9F-1922-4AEF-87E5-85688198A2FA}.Debug|iPhone.Build.0 = Debug|Any CPU
		{C7017E9F-1922-4AEF-87E5-85688198A2FA}.Debug|iPhone.Deploy.0 = Debug|Any CPU
		{C7017E9F-1922-4AEF-87E5-85688198A2FA}.Debug|iPhoneSimulator.ActiveCfg = Debug|Any CPU
		{C7017E9F-1922-4AEF-87E5-85688198A2FA}.Debug|iPhoneSimulator.Build.0 = Debug|Any CPU
		{C7017E9F-1922-4AEF-87E5-85688198A2FA}.Debug|iPhoneSimulator.Deploy.0 = Debug|Any CPU
		{C7017E9F-1922-4AEF-87E5-85688198A2FA}.Debug|x64.ActiveCfg = Debug|x64
		{C7017E9F-1922-4AEF-87E5-85688198A2FA}.Debug|x64.Build.0 = Debug|x64
		{C7017E9F-1922-4AEF-87E5-85688198A2FA}.Debug|x64.Deploy.0 = Debug|x64
		{C7017E9F-1922-4AEF-87E5-85688198A2FA}.Debug|x86.ActiveCfg = Debug|x86
		{C7017E9F-1922-4AEF-87E5-85688198A2FA}.Debug|x86.Build.0 = Debug|x86
		{C7017E9F-1922-4AEF-87E5-85688198A2FA}.Debug|x86.Deploy.0 = Debug|x86
		{C7017E9F-1922-4AEF-87E5-85688198A2FA}.Release|Any CPU.ActiveCfg = Release|Any CPU
		{C7017E9F-1922-4AEF-87E5-85688198A2FA}.Release|Any CPU.Build.0 = Release|Any CPU
		{C7017E9F-1922-4AEF-87E5-85688198A2FA}.Release|Any CPU.Deploy.0 = Release|Any CPU
		{C7017E9F-1922-4AEF-87E5-85688198A2FA}.Release|ARM.ActiveCfg = Release|ARM
		{C7017E9F-1922-4AEF-87E5-85688198A2FA}.Release|ARM.Build.0 = Release|ARM
		{C7017E9F-1922-4AEF-87E5-85688198A2FA}.Release|ARM.Deploy.0 = Release|ARM
		{C7017E9F-1922-4AEF-87E5-85688198A2FA}.Release|iPhone.ActiveCfg = Release|Any CPU
		{C7017E9F-1922-4AEF-87E5-85688198A2FA}.Release|iPhone.Build.0 = Release|Any CPU
		{C7017E9F-1922-4AEF-87E5-85688198A2FA}.Release|iPhone.Deploy.0 = Release|Any CPU
		{C7017E9F-1922-4AEF-87E5-85688198A2FA}.Release|iPhoneSimulator.ActiveCfg = Release|Any CPU
		{C7017E9F-1922-4AEF-87E5-85688198A2FA}.Release|iPhoneSimulator.Build.0 = Release|Any CPU
		{C7017E9F-1922-4AEF-87E5-85688198A2FA}.Release|iPhoneSimulator.Deploy.0 = Release|Any CPU
		{C7017E9F-1922-4AEF-87E5-85688198A2FA}.Release|x64.ActiveCfg = Release|x64
		{C7017E9F-1922-4AEF-87E5-85688198A2FA}.Release|x64.Build.0 = Release|x64
		{C7017E9F-1922-4AEF-87E5-85688198A2FA}.Release|x64.Deploy.0 = Release|x64
		{C7017E9F-1922-4AEF-87E5-85688198A2FA}.Release|x86.ActiveCfg = Release|x86
		{C7017E9F-1922-4AEF-87E5-85688198A2FA}.Release|x86.Build.0 = Release|x86
		{C7017E9F-1922-4AEF-87E5-85688198A2FA}.Release|x86.Deploy.0 = Release|x86
		{A8A28887-E05F-4F06-954F-35A06AF6ACB8}.Ad-Hoc|Any CPU.ActiveCfg = Release|Any CPU
		{A8A28887-E05F-4F06-954F-35A06AF6ACB8}.Ad-Hoc|Any CPU.Build.0 = Release|Any CPU
		{A8A28887-E05F-4F06-954F-35A06AF6ACB8}.Ad-Hoc|ARM.ActiveCfg = Release|Any CPU
		{A8A28887-E05F-4F06-954F-35A06AF6ACB8}.Ad-Hoc|ARM.Build.0 = Release|Any CPU
		{A8A28887-E05F-4F06-954F-35A06AF6ACB8}.Ad-Hoc|iPhone.ActiveCfg = Release|Any CPU
		{A8A28887-E05F-4F06-954F-35A06AF6ACB8}.Ad-Hoc|iPhone.Build.0 = Release|Any CPU
		{A8A28887-E05F-4F06-954F-35A06AF6ACB8}.Ad-Hoc|iPhoneSimulator.ActiveCfg = Release|Any CPU
		{A8A28887-E05F-4F06-954F-35A06AF6ACB8}.Ad-Hoc|iPhoneSimulator.Build.0 = Release|Any CPU
		{A8A28887-E05F-4F06-954F-35A06AF6ACB8}.Ad-Hoc|x64.ActiveCfg = Release|Any CPU
		{A8A28887-E05F-4F06-954F-35A06AF6ACB8}.Ad-Hoc|x64.Build.0 = Release|Any CPU
		{A8A28887-E05F-4F06-954F-35A06AF6ACB8}.Ad-Hoc|x86.ActiveCfg = Release|Any CPU
		{A8A28887-E05F-4F06-954F-35A06AF6ACB8}.Ad-Hoc|x86.Build.0 = Release|Any CPU
		{A8A28887-E05F-4F06-954F-35A06AF6ACB8}.AppStore|Any CPU.ActiveCfg = Release|Any CPU
		{A8A28887-E05F-4F06-954F-35A06AF6ACB8}.AppStore|Any CPU.Build.0 = Release|Any CPU
		{A8A28887-E05F-4F06-954F-35A06AF6ACB8}.AppStore|ARM.ActiveCfg = Release|Any CPU
		{A8A28887-E05F-4F06-954F-35A06AF6ACB8}.AppStore|ARM.Build.0 = Release|Any CPU
		{A8A28887-E05F-4F06-954F-35A06AF6ACB8}.AppStore|iPhone.ActiveCfg = Release|Any CPU
		{A8A28887-E05F-4F06-954F-35A06AF6ACB8}.AppStore|iPhone.Build.0 = Release|Any CPU
		{A8A28887-E05F-4F06-954F-35A06AF6ACB8}.AppStore|iPhoneSimulator.ActiveCfg = Release|Any CPU
		{A8A28887-E05F-4F06-954F-35A06AF6ACB8}.AppStore|iPhoneSimulator.Build.0 = Release|Any CPU
		{A8A28887-E05F-4F06-954F-35A06AF6ACB8}.AppStore|x64.ActiveCfg = Release|Any CPU
		{A8A28887-E05F-4F06-954F-35A06AF6ACB8}.AppStore|x64.Build.0 = Release|Any CPU
		{A8A28887-E05F-4F06-954F-35A06AF6ACB8}.AppStore|x86.ActiveCfg = Release|Any CPU
		{A8A28887-E05F-4F06-954F-35A06AF6ACB8}.AppStore|x86.Build.0 = Release|Any CPU
		{A8A28887-E05F-4F06-954F-35A06AF6ACB8}.Debug|Any CPU.ActiveCfg = Debug|Any CPU
		{A8A28887-E05F-4F06-954F-35A06AF6ACB8}.Debug|Any CPU.Build.0 = Debug|Any CPU
		{A8A28887-E05F-4F06-954F-35A06AF6ACB8}.Debug|ARM.ActiveCfg = Debug|Any CPU
		{A8A28887-E05F-4F06-954F-35A06AF6ACB8}.Debug|ARM.Build.0 = Debug|Any CPU
		{A8A28887-E05F-4F06-954F-35A06AF6ACB8}.Debug|iPhone.ActiveCfg = Debug|Any CPU
		{A8A28887-E05F-4F06-954F-35A06AF6ACB8}.Debug|iPhone.Build.0 = Debug|Any CPU
		{A8A28887-E05F-4F06-954F-35A06AF6ACB8}.Debug|iPhoneSimulator.ActiveCfg = Debug|Any CPU
		{A8A28887-E05F-4F06-954F-35A06AF6ACB8}.Debug|iPhoneSimulator.Build.0 = Debug|Any CPU
		{A8A28887-E05F-4F06-954F-35A06AF6ACB8}.Debug|x64.ActiveCfg = Debug|Any CPU
		{A8A28887-E05F-4F06-954F-35A06AF6ACB8}.Debug|x64.Build.0 = Debug|Any CPU
		{A8A28887-E05F-4F06-954F-35A06AF6ACB8}.Debug|x86.ActiveCfg = Debug|Any CPU
		{A8A28887-E05F-4F06-954F-35A06AF6ACB8}.Debug|x86.Build.0 = Debug|Any CPU
		{A8A28887-E05F-4F06-954F-35A06AF6ACB8}.Release|Any CPU.ActiveCfg = Release|Any CPU
		{A8A28887-E05F-4F06-954F-35A06AF6ACB8}.Release|Any CPU.Build.0 = Release|Any CPU
		{A8A28887-E05F-4F06-954F-35A06AF6ACB8}.Release|ARM.ActiveCfg = Release|Any CPU
		{A8A28887-E05F-4F06-954F-35A06AF6ACB8}.Release|ARM.Build.0 = Release|Any CPU
		{A8A28887-E05F-4F06-954F-35A06AF6ACB8}.Release|iPhone.ActiveCfg = Release|Any CPU
		{A8A28887-E05F-4F06-954F-35A06AF6ACB8}.Release|iPhone.Build.0 = Release|Any CPU
		{A8A28887-E05F-4F06-954F-35A06AF6ACB8}.Release|iPhoneSimulator.ActiveCfg = Release|Any CPU
		{A8A28887-E05F-4F06-954F-35A06AF6ACB8}.Release|iPhoneSimulator.Build.0 = Release|Any CPU
		{A8A28887-E05F-4F06-954F-35A06AF6ACB8}.Release|x64.ActiveCfg = Release|Any CPU
		{A8A28887-E05F-4F06-954F-35A06AF6ACB8}.Release|x64.Build.0 = Release|Any CPU
		{A8A28887-E05F-4F06-954F-35A06AF6ACB8}.Release|x86.ActiveCfg = Release|Any CPU
		{A8A28887-E05F-4F06-954F-35A06AF6ACB8}.Release|x86.Build.0 = Release|Any CPU
		{8AE66ABD-D963-4E83-83A3-330156CD37A3}.Ad-Hoc|Any CPU.ActiveCfg = Release|Any CPU
		{8AE66ABD-D963-4E83-83A3-330156CD37A3}.Ad-Hoc|Any CPU.Build.0 = Release|Any CPU
		{8AE66ABD-D963-4E83-83A3-330156CD37A3}.Ad-Hoc|ARM.ActiveCfg = Release|Any CPU
		{8AE66ABD-D963-4E83-83A3-330156CD37A3}.Ad-Hoc|ARM.Build.0 = Release|Any CPU
		{8AE66ABD-D963-4E83-83A3-330156CD37A3}.Ad-Hoc|iPhone.ActiveCfg = Release|Any CPU
		{8AE66ABD-D963-4E83-83A3-330156CD37A3}.Ad-Hoc|iPhone.Build.0 = Release|Any CPU
		{8AE66ABD-D963-4E83-83A3-330156CD37A3}.Ad-Hoc|iPhoneSimulator.ActiveCfg = Release|Any CPU
		{8AE66ABD-D963-4E83-83A3-330156CD37A3}.Ad-Hoc|iPhoneSimulator.Build.0 = Release|Any CPU
		{8AE66ABD-D963-4E83-83A3-330156CD37A3}.Ad-Hoc|x64.ActiveCfg = Release|Any CPU
		{8AE66ABD-D963-4E83-83A3-330156CD37A3}.Ad-Hoc|x64.Build.0 = Release|Any CPU
		{8AE66ABD-D963-4E83-83A3-330156CD37A3}.Ad-Hoc|x86.ActiveCfg = Release|Any CPU
		{8AE66ABD-D963-4E83-83A3-330156CD37A3}.Ad-Hoc|x86.Build.0 = Release|Any CPU
		{8AE66ABD-D963-4E83-83A3-330156CD37A3}.AppStore|Any CPU.ActiveCfg = Release|Any CPU
		{8AE66ABD-D963-4E83-83A3-330156CD37A3}.AppStore|Any CPU.Build.0 = Release|Any CPU
		{8AE66ABD-D963-4E83-83A3-330156CD37A3}.AppStore|ARM.ActiveCfg = Release|Any CPU
		{8AE66ABD-D963-4E83-83A3-330156CD37A3}.AppStore|ARM.Build.0 = Release|Any CPU
		{8AE66ABD-D963-4E83-83A3-330156CD37A3}.AppStore|iPhone.ActiveCfg = Release|Any CPU
		{8AE66ABD-D963-4E83-83A3-330156CD37A3}.AppStore|iPhone.Build.0 = Release|Any CPU
		{8AE66ABD-D963-4E83-83A3-330156CD37A3}.AppStore|iPhoneSimulator.ActiveCfg = Release|Any CPU
		{8AE66ABD-D963-4E83-83A3-330156CD37A3}.AppStore|iPhoneSimulator.Build.0 = Release|Any CPU
		{8AE66ABD-D963-4E83-83A3-330156CD37A3}.AppStore|x64.ActiveCfg = Release|Any CPU
		{8AE66ABD-D963-4E83-83A3-330156CD37A3}.AppStore|x64.Build.0 = Release|Any CPU
		{8AE66ABD-D963-4E83-83A3-330156CD37A3}.AppStore|x86.ActiveCfg = Release|Any CPU
		{8AE66ABD-D963-4E83-83A3-330156CD37A3}.AppStore|x86.Build.0 = Release|Any CPU
		{8AE66ABD-D963-4E83-83A3-330156CD37A3}.Debug|Any CPU.ActiveCfg = Debug|Any CPU
		{8AE66ABD-D963-4E83-83A3-330156CD37A3}.Debug|Any CPU.Build.0 = Debug|Any CPU
		{8AE66ABD-D963-4E83-83A3-330156CD37A3}.Debug|ARM.ActiveCfg = Debug|Any CPU
		{8AE66ABD-D963-4E83-83A3-330156CD37A3}.Debug|ARM.Build.0 = Debug|Any CPU
		{8AE66ABD-D963-4E83-83A3-330156CD37A3}.Debug|iPhone.ActiveCfg = Debug|Any CPU
		{8AE66ABD-D963-4E83-83A3-330156CD37A3}.Debug|iPhone.Build.0 = Debug|Any CPU
		{8AE66ABD-D963-4E83-83A3-330156CD37A3}.Debug|iPhoneSimulator.ActiveCfg = Debug|Any CPU
		{8AE66ABD-D963-4E83-83A3-330156CD37A3}.Debug|iPhoneSimulator.Build.0 = Debug|Any CPU
		{8AE66ABD-D963-4E83-83A3-330156CD37A3}.Debug|x64.ActiveCfg = Debug|Any CPU
		{8AE66ABD-D963-4E83-83A3-330156CD37A3}.Debug|x64.Build.0 = Debug|Any CPU
		{8AE66ABD-D963-4E83-83A3-330156CD37A3}.Debug|x86.ActiveCfg = Debug|Any CPU
		{8AE66ABD-D963-4E83-83A3-330156CD37A3}.Debug|x86.Build.0 = Debug|Any CPU
		{8AE66ABD-D963-4E83-83A3-330156CD37A3}.Release|Any CPU.ActiveCfg = Release|Any CPU
		{8AE66ABD-D963-4E83-83A3-330156CD37A3}.Release|Any CPU.Build.0 = Release|Any CPU
		{8AE66ABD-D963-4E83-83A3-330156CD37A3}.Release|ARM.ActiveCfg = Release|Any CPU
		{8AE66ABD-D963-4E83-83A3-330156CD37A3}.Release|ARM.Build.0 = Release|Any CPU
		{8AE66ABD-D963-4E83-83A3-330156CD37A3}.Release|iPhone.ActiveCfg = Release|Any CPU
		{8AE66ABD-D963-4E83-83A3-330156CD37A3}.Release|iPhone.Build.0 = Release|Any CPU
		{8AE66ABD-D963-4E83-83A3-330156CD37A3}.Release|iPhoneSimulator.ActiveCfg = Release|Any CPU
		{8AE66ABD-D963-4E83-83A3-330156CD37A3}.Release|iPhoneSimulator.Build.0 = Release|Any CPU
		{8AE66ABD-D963-4E83-83A3-330156CD37A3}.Release|x64.ActiveCfg = Release|Any CPU
		{8AE66ABD-D963-4E83-83A3-330156CD37A3}.Release|x64.Build.0 = Release|Any CPU
		{8AE66ABD-D963-4E83-83A3-330156CD37A3}.Release|x86.ActiveCfg = Release|Any CPU
		{8AE66ABD-D963-4E83-83A3-330156CD37A3}.Release|x86.Build.0 = Release|Any CPU
		{536FAA15-E738-445E-A2D8-EF989ACB2C7F}.Ad-Hoc|Any CPU.ActiveCfg = Release|Any CPU
		{536FAA15-E738-445E-A2D8-EF989ACB2C7F}.Ad-Hoc|Any CPU.Build.0 = Release|Any CPU
		{536FAA15-E738-445E-A2D8-EF989ACB2C7F}.Ad-Hoc|ARM.ActiveCfg = Release|Any CPU
		{536FAA15-E738-445E-A2D8-EF989ACB2C7F}.Ad-Hoc|ARM.Build.0 = Release|Any CPU
		{536FAA15-E738-445E-A2D8-EF989ACB2C7F}.Ad-Hoc|iPhone.ActiveCfg = Release|Any CPU
		{536FAA15-E738-445E-A2D8-EF989ACB2C7F}.Ad-Hoc|iPhone.Build.0 = Release|Any CPU
		{536FAA15-E738-445E-A2D8-EF989ACB2C7F}.Ad-Hoc|iPhoneSimulator.ActiveCfg = Release|Any CPU
		{536FAA15-E738-445E-A2D8-EF989ACB2C7F}.Ad-Hoc|iPhoneSimulator.Build.0 = Release|Any CPU
		{536FAA15-E738-445E-A2D8-EF989ACB2C7F}.Ad-Hoc|x64.ActiveCfg = Release|Any CPU
		{536FAA15-E738-445E-A2D8-EF989ACB2C7F}.Ad-Hoc|x64.Build.0 = Release|Any CPU
		{536FAA15-E738-445E-A2D8-EF989ACB2C7F}.Ad-Hoc|x86.ActiveCfg = Release|Any CPU
		{536FAA15-E738-445E-A2D8-EF989ACB2C7F}.Ad-Hoc|x86.Build.0 = Release|Any CPU
		{536FAA15-E738-445E-A2D8-EF989ACB2C7F}.AppStore|Any CPU.ActiveCfg = Release|Any CPU
		{536FAA15-E738-445E-A2D8-EF989ACB2C7F}.AppStore|Any CPU.Build.0 = Release|Any CPU
		{536FAA15-E738-445E-A2D8-EF989ACB2C7F}.AppStore|ARM.ActiveCfg = Release|Any CPU
		{536FAA15-E738-445E-A2D8-EF989ACB2C7F}.AppStore|ARM.Build.0 = Release|Any CPU
		{536FAA15-E738-445E-A2D8-EF989ACB2C7F}.AppStore|iPhone.ActiveCfg = Release|Any CPU
		{536FAA15-E738-445E-A2D8-EF989ACB2C7F}.AppStore|iPhone.Build.0 = Release|Any CPU
		{536FAA15-E738-445E-A2D8-EF989ACB2C7F}.AppStore|iPhoneSimulator.ActiveCfg = Release|Any CPU
		{536FAA15-E738-445E-A2D8-EF989ACB2C7F}.AppStore|iPhoneSimulator.Build.0 = Release|Any CPU
		{536FAA15-E738-445E-A2D8-EF989ACB2C7F}.AppStore|x64.ActiveCfg = Release|Any CPU
		{536FAA15-E738-445E-A2D8-EF989ACB2C7F}.AppStore|x64.Build.0 = Release|Any CPU
		{536FAA15-E738-445E-A2D8-EF989ACB2C7F}.AppStore|x86.ActiveCfg = Release|Any CPU
		{536FAA15-E738-445E-A2D8-EF989ACB2C7F}.AppStore|x86.Build.0 = Release|Any CPU
		{536FAA15-E738-445E-A2D8-EF989ACB2C7F}.Debug|Any CPU.ActiveCfg = Debug|Any CPU
		{536FAA15-E738-445E-A2D8-EF989ACB2C7F}.Debug|Any CPU.Build.0 = Debug|Any CPU
		{536FAA15-E738-445E-A2D8-EF989ACB2C7F}.Debug|ARM.ActiveCfg = Debug|Any CPU
		{536FAA15-E738-445E-A2D8-EF989ACB2C7F}.Debug|ARM.Build.0 = Debug|Any CPU
		{536FAA15-E738-445E-A2D8-EF989ACB2C7F}.Debug|iPhone.ActiveCfg = Debug|Any CPU
		{536FAA15-E738-445E-A2D8-EF989ACB2C7F}.Debug|iPhone.Build.0 = Debug|Any CPU
		{536FAA15-E738-445E-A2D8-EF989ACB2C7F}.Debug|iPhoneSimulator.ActiveCfg = Debug|Any CPU
		{536FAA15-E738-445E-A2D8-EF989ACB2C7F}.Debug|iPhoneSimulator.Build.0 = Debug|Any CPU
		{536FAA15-E738-445E-A2D8-EF989ACB2C7F}.Debug|x64.ActiveCfg = Debug|Any CPU
		{536FAA15-E738-445E-A2D8-EF989ACB2C7F}.Debug|x64.Build.0 = Debug|Any CPU
		{536FAA15-E738-445E-A2D8-EF989ACB2C7F}.Debug|x86.ActiveCfg = Debug|Any CPU
		{536FAA15-E738-445E-A2D8-EF989ACB2C7F}.Debug|x86.Build.0 = Debug|Any CPU
		{536FAA15-E738-445E-A2D8-EF989ACB2C7F}.Release|Any CPU.ActiveCfg = Release|Any CPU
		{536FAA15-E738-445E-A2D8-EF989ACB2C7F}.Release|Any CPU.Build.0 = Release|Any CPU
		{536FAA15-E738-445E-A2D8-EF989ACB2C7F}.Release|ARM.ActiveCfg = Release|Any CPU
		{536FAA15-E738-445E-A2D8-EF989ACB2C7F}.Release|ARM.Build.0 = Release|Any CPU
		{536FAA15-E738-445E-A2D8-EF989ACB2C7F}.Release|iPhone.ActiveCfg = Release|Any CPU
		{536FAA15-E738-445E-A2D8-EF989ACB2C7F}.Release|iPhone.Build.0 = Release|Any CPU
		{536FAA15-E738-445E-A2D8-EF989ACB2C7F}.Release|iPhoneSimulator.ActiveCfg = Release|Any CPU
		{536FAA15-E738-445E-A2D8-EF989ACB2C7F}.Release|iPhoneSimulator.Build.0 = Release|Any CPU
		{536FAA15-E738-445E-A2D8-EF989ACB2C7F}.Release|x64.ActiveCfg = Release|Any CPU
		{536FAA15-E738-445E-A2D8-EF989ACB2C7F}.Release|x64.Build.0 = Release|Any CPU
		{536FAA15-E738-445E-A2D8-EF989ACB2C7F}.Release|x86.ActiveCfg = Release|Any CPU
		{536FAA15-E738-445E-A2D8-EF989ACB2C7F}.Release|x86.Build.0 = Release|Any CPU
		{8F830F7A-0A96-4329-847C-06B0A84BA4C4}.Ad-Hoc|Any CPU.ActiveCfg = Release|Any CPU
		{8F830F7A-0A96-4329-847C-06B0A84BA4C4}.Ad-Hoc|Any CPU.Build.0 = Release|Any CPU
		{8F830F7A-0A96-4329-847C-06B0A84BA4C4}.Ad-Hoc|ARM.ActiveCfg = Release|Any CPU
		{8F830F7A-0A96-4329-847C-06B0A84BA4C4}.Ad-Hoc|ARM.Build.0 = Release|Any CPU
		{8F830F7A-0A96-4329-847C-06B0A84BA4C4}.Ad-Hoc|iPhone.ActiveCfg = Release|Any CPU
		{8F830F7A-0A96-4329-847C-06B0A84BA4C4}.Ad-Hoc|iPhone.Build.0 = Release|Any CPU
		{8F830F7A-0A96-4329-847C-06B0A84BA4C4}.Ad-Hoc|iPhoneSimulator.ActiveCfg = Release|Any CPU
		{8F830F7A-0A96-4329-847C-06B0A84BA4C4}.Ad-Hoc|iPhoneSimulator.Build.0 = Release|Any CPU
		{8F830F7A-0A96-4329-847C-06B0A84BA4C4}.Ad-Hoc|x64.ActiveCfg = Release|Any CPU
		{8F830F7A-0A96-4329-847C-06B0A84BA4C4}.Ad-Hoc|x64.Build.0 = Release|Any CPU
		{8F830F7A-0A96-4329-847C-06B0A84BA4C4}.Ad-Hoc|x86.ActiveCfg = Release|Any CPU
		{8F830F7A-0A96-4329-847C-06B0A84BA4C4}.Ad-Hoc|x86.Build.0 = Release|Any CPU
		{8F830F7A-0A96-4329-847C-06B0A84BA4C4}.AppStore|Any CPU.ActiveCfg = Release|Any CPU
		{8F830F7A-0A96-4329-847C-06B0A84BA4C4}.AppStore|Any CPU.Build.0 = Release|Any CPU
		{8F830F7A-0A96-4329-847C-06B0A84BA4C4}.AppStore|ARM.ActiveCfg = Release|Any CPU
		{8F830F7A-0A96-4329-847C-06B0A84BA4C4}.AppStore|ARM.Build.0 = Release|Any CPU
		{8F830F7A-0A96-4329-847C-06B0A84BA4C4}.AppStore|iPhone.ActiveCfg = Release|Any CPU
		{8F830F7A-0A96-4329-847C-06B0A84BA4C4}.AppStore|iPhone.Build.0 = Release|Any CPU
		{8F830F7A-0A96-4329-847C-06B0A84BA4C4}.AppStore|iPhoneSimulator.ActiveCfg = Release|Any CPU
		{8F830F7A-0A96-4329-847C-06B0A84BA4C4}.AppStore|iPhoneSimulator.Build.0 = Release|Any CPU
		{8F830F7A-0A96-4329-847C-06B0A84BA4C4}.AppStore|x64.ActiveCfg = Release|Any CPU
		{8F830F7A-0A96-4329-847C-06B0A84BA4C4}.AppStore|x64.Build.0 = Release|Any CPU
		{8F830F7A-0A96-4329-847C-06B0A84BA4C4}.AppStore|x86.ActiveCfg = Release|Any CPU
		{8F830F7A-0A96-4329-847C-06B0A84BA4C4}.AppStore|x86.Build.0 = Release|Any CPU
		{8F830F7A-0A96-4329-847C-06B0A84BA4C4}.Debug|Any CPU.ActiveCfg = Debug|Any CPU
		{8F830F7A-0A96-4329-847C-06B0A84BA4C4}.Debug|Any CPU.Build.0 = Debug|Any CPU
		{8F830F7A-0A96-4329-847C-06B0A84BA4C4}.Debug|ARM.ActiveCfg = Debug|Any CPU
		{8F830F7A-0A96-4329-847C-06B0A84BA4C4}.Debug|ARM.Build.0 = Debug|Any CPU
		{8F830F7A-0A96-4329-847C-06B0A84BA4C4}.Debug|iPhone.ActiveCfg = Debug|Any CPU
		{8F830F7A-0A96-4329-847C-06B0A84BA4C4}.Debug|iPhone.Build.0 = Debug|Any CPU
		{8F830F7A-0A96-4329-847C-06B0A84BA4C4}.Debug|iPhoneSimulator.ActiveCfg = Debug|Any CPU
		{8F830F7A-0A96-4329-847C-06B0A84BA4C4}.Debug|iPhoneSimulator.Build.0 = Debug|Any CPU
		{8F830F7A-0A96-4329-847C-06B0A84BA4C4}.Debug|x64.ActiveCfg = Debug|Any CPU
		{8F830F7A-0A96-4329-847C-06B0A84BA4C4}.Debug|x64.Build.0 = Debug|Any CPU
		{8F830F7A-0A96-4329-847C-06B0A84BA4C4}.Debug|x86.ActiveCfg = Debug|Any CPU
		{8F830F7A-0A96-4329-847C-06B0A84BA4C4}.Debug|x86.Build.0 = Debug|Any CPU
		{8F830F7A-0A96-4329-847C-06B0A84BA4C4}.Release|Any CPU.ActiveCfg = Release|Any CPU
		{8F830F7A-0A96-4329-847C-06B0A84BA4C4}.Release|Any CPU.Build.0 = Release|Any CPU
		{8F830F7A-0A96-4329-847C-06B0A84BA4C4}.Release|ARM.ActiveCfg = Release|Any CPU
		{8F830F7A-0A96-4329-847C-06B0A84BA4C4}.Release|ARM.Build.0 = Release|Any CPU
		{8F830F7A-0A96-4329-847C-06B0A84BA4C4}.Release|iPhone.ActiveCfg = Release|Any CPU
		{8F830F7A-0A96-4329-847C-06B0A84BA4C4}.Release|iPhone.Build.0 = Release|Any CPU
		{8F830F7A-0A96-4329-847C-06B0A84BA4C4}.Release|iPhoneSimulator.ActiveCfg = Release|Any CPU
		{8F830F7A-0A96-4329-847C-06B0A84BA4C4}.Release|iPhoneSimulator.Build.0 = Release|Any CPU
		{8F830F7A-0A96-4329-847C-06B0A84BA4C4}.Release|x64.ActiveCfg = Release|Any CPU
		{8F830F7A-0A96-4329-847C-06B0A84BA4C4}.Release|x64.Build.0 = Release|Any CPU
		{8F830F7A-0A96-4329-847C-06B0A84BA4C4}.Release|x86.ActiveCfg = Release|Any CPU
		{8F830F7A-0A96-4329-847C-06B0A84BA4C4}.Release|x86.Build.0 = Release|Any CPU
		{038A37CA-F251-400B-8003-7EEAED77348C}.Ad-Hoc|Any CPU.ActiveCfg = Release|Any CPU
		{038A37CA-F251-400B-8003-7EEAED77348C}.Ad-Hoc|Any CPU.Build.0 = Release|Any CPU
		{038A37CA-F251-400B-8003-7EEAED77348C}.Ad-Hoc|ARM.ActiveCfg = Release|Any CPU
		{038A37CA-F251-400B-8003-7EEAED77348C}.Ad-Hoc|ARM.Build.0 = Release|Any CPU
		{038A37CA-F251-400B-8003-7EEAED77348C}.Ad-Hoc|iPhone.ActiveCfg = Release|Any CPU
		{038A37CA-F251-400B-8003-7EEAED77348C}.Ad-Hoc|iPhone.Build.0 = Release|Any CPU
		{038A37CA-F251-400B-8003-7EEAED77348C}.Ad-Hoc|iPhoneSimulator.ActiveCfg = Release|Any CPU
		{038A37CA-F251-400B-8003-7EEAED77348C}.Ad-Hoc|iPhoneSimulator.Build.0 = Release|Any CPU
		{038A37CA-F251-400B-8003-7EEAED77348C}.Ad-Hoc|x64.ActiveCfg = Release|Any CPU
		{038A37CA-F251-400B-8003-7EEAED77348C}.Ad-Hoc|x64.Build.0 = Release|Any CPU
		{038A37CA-F251-400B-8003-7EEAED77348C}.Ad-Hoc|x86.ActiveCfg = Release|Any CPU
		{038A37CA-F251-400B-8003-7EEAED77348C}.Ad-Hoc|x86.Build.0 = Release|Any CPU
		{038A37CA-F251-400B-8003-7EEAED77348C}.AppStore|Any CPU.ActiveCfg = Release|Any CPU
		{038A37CA-F251-400B-8003-7EEAED77348C}.AppStore|Any CPU.Build.0 = Release|Any CPU
		{038A37CA-F251-400B-8003-7EEAED77348C}.AppStore|ARM.ActiveCfg = Release|Any CPU
		{038A37CA-F251-400B-8003-7EEAED77348C}.AppStore|ARM.Build.0 = Release|Any CPU
		{038A37CA-F251-400B-8003-7EEAED77348C}.AppStore|iPhone.ActiveCfg = Release|Any CPU
		{038A37CA-F251-400B-8003-7EEAED77348C}.AppStore|iPhone.Build.0 = Release|Any CPU
		{038A37CA-F251-400B-8003-7EEAED77348C}.AppStore|iPhoneSimulator.ActiveCfg = Release|Any CPU
		{038A37CA-F251-400B-8003-7EEAED77348C}.AppStore|iPhoneSimulator.Build.0 = Release|Any CPU
		{038A37CA-F251-400B-8003-7EEAED77348C}.AppStore|x64.ActiveCfg = Release|Any CPU
		{038A37CA-F251-400B-8003-7EEAED77348C}.AppStore|x64.Build.0 = Release|Any CPU
		{038A37CA-F251-400B-8003-7EEAED77348C}.AppStore|x86.ActiveCfg = Release|Any CPU
		{038A37CA-F251-400B-8003-7EEAED77348C}.AppStore|x86.Build.0 = Release|Any CPU
		{038A37CA-F251-400B-8003-7EEAED77348C}.Debug|Any CPU.ActiveCfg = Debug|Any CPU
		{038A37CA-F251-400B-8003-7EEAED77348C}.Debug|Any CPU.Build.0 = Debug|Any CPU
		{038A37CA-F251-400B-8003-7EEAED77348C}.Debug|ARM.ActiveCfg = Debug|Any CPU
		{038A37CA-F251-400B-8003-7EEAED77348C}.Debug|ARM.Build.0 = Debug|Any CPU
		{038A37CA-F251-400B-8003-7EEAED77348C}.Debug|iPhone.ActiveCfg = Debug|Any CPU
		{038A37CA-F251-400B-8003-7EEAED77348C}.Debug|iPhone.Build.0 = Debug|Any CPU
		{038A37CA-F251-400B-8003-7EEAED77348C}.Debug|iPhoneSimulator.ActiveCfg = Debug|Any CPU
		{038A37CA-F251-400B-8003-7EEAED77348C}.Debug|iPhoneSimulator.Build.0 = Debug|Any CPU
		{038A37CA-F251-400B-8003-7EEAED77348C}.Debug|x64.ActiveCfg = Debug|Any CPU
		{038A37CA-F251-400B-8003-7EEAED77348C}.Debug|x64.Build.0 = Debug|Any CPU
		{038A37CA-F251-400B-8003-7EEAED77348C}.Debug|x86.ActiveCfg = Debug|Any CPU
		{038A37CA-F251-400B-8003-7EEAED77348C}.Debug|x86.Build.0 = Debug|Any CPU
		{038A37CA-F251-400B-8003-7EEAED77348C}.Release|Any CPU.ActiveCfg = Release|Any CPU
		{038A37CA-F251-400B-8003-7EEAED77348C}.Release|Any CPU.Build.0 = Release|Any CPU
		{038A37CA-F251-400B-8003-7EEAED77348C}.Release|ARM.ActiveCfg = Release|Any CPU
		{038A37CA-F251-400B-8003-7EEAED77348C}.Release|ARM.Build.0 = Release|Any CPU
		{038A37CA-F251-400B-8003-7EEAED77348C}.Release|iPhone.ActiveCfg = Release|Any CPU
		{038A37CA-F251-400B-8003-7EEAED77348C}.Release|iPhone.Build.0 = Release|Any CPU
		{038A37CA-F251-400B-8003-7EEAED77348C}.Release|iPhoneSimulator.ActiveCfg = Release|Any CPU
		{038A37CA-F251-400B-8003-7EEAED77348C}.Release|iPhoneSimulator.Build.0 = Release|Any CPU
		{038A37CA-F251-400B-8003-7EEAED77348C}.Release|x64.ActiveCfg = Release|Any CPU
		{038A37CA-F251-400B-8003-7EEAED77348C}.Release|x64.Build.0 = Release|Any CPU
		{038A37CA-F251-400B-8003-7EEAED77348C}.Release|x86.ActiveCfg = Release|Any CPU
		{038A37CA-F251-400B-8003-7EEAED77348C}.Release|x86.Build.0 = Release|Any CPU
		{E356486A-3364-4122-A1FB-773C30E0F761}.Ad-Hoc|Any CPU.ActiveCfg = Release|Any CPU
		{E356486A-3364-4122-A1FB-773C30E0F761}.Ad-Hoc|Any CPU.Build.0 = Release|Any CPU
		{E356486A-3364-4122-A1FB-773C30E0F761}.Ad-Hoc|ARM.ActiveCfg = Release|Any CPU
		{E356486A-3364-4122-A1FB-773C30E0F761}.Ad-Hoc|ARM.Build.0 = Release|Any CPU
		{E356486A-3364-4122-A1FB-773C30E0F761}.Ad-Hoc|iPhone.ActiveCfg = Release|Any CPU
		{E356486A-3364-4122-A1FB-773C30E0F761}.Ad-Hoc|iPhone.Build.0 = Release|Any CPU
		{E356486A-3364-4122-A1FB-773C30E0F761}.Ad-Hoc|iPhoneSimulator.ActiveCfg = Release|Any CPU
		{E356486A-3364-4122-A1FB-773C30E0F761}.Ad-Hoc|iPhoneSimulator.Build.0 = Release|Any CPU
		{E356486A-3364-4122-A1FB-773C30E0F761}.Ad-Hoc|x64.ActiveCfg = Release|Any CPU
		{E356486A-3364-4122-A1FB-773C30E0F761}.Ad-Hoc|x64.Build.0 = Release|Any CPU
		{E356486A-3364-4122-A1FB-773C30E0F761}.Ad-Hoc|x86.ActiveCfg = Release|Any CPU
		{E356486A-3364-4122-A1FB-773C30E0F761}.Ad-Hoc|x86.Build.0 = Release|Any CPU
		{E356486A-3364-4122-A1FB-773C30E0F761}.AppStore|Any CPU.ActiveCfg = Release|Any CPU
		{E356486A-3364-4122-A1FB-773C30E0F761}.AppStore|Any CPU.Build.0 = Release|Any CPU
		{E356486A-3364-4122-A1FB-773C30E0F761}.AppStore|ARM.ActiveCfg = Release|Any CPU
		{E356486A-3364-4122-A1FB-773C30E0F761}.AppStore|ARM.Build.0 = Release|Any CPU
		{E356486A-3364-4122-A1FB-773C30E0F761}.AppStore|iPhone.ActiveCfg = Release|Any CPU
		{E356486A-3364-4122-A1FB-773C30E0F761}.AppStore|iPhone.Build.0 = Release|Any CPU
		{E356486A-3364-4122-A1FB-773C30E0F761}.AppStore|iPhoneSimulator.ActiveCfg = Release|Any CPU
		{E356486A-3364-4122-A1FB-773C30E0F761}.AppStore|iPhoneSimulator.Build.0 = Release|Any CPU
		{E356486A-3364-4122-A1FB-773C30E0F761}.AppStore|x64.ActiveCfg = Release|Any CPU
		{E356486A-3364-4122-A1FB-773C30E0F761}.AppStore|x64.Build.0 = Release|Any CPU
		{E356486A-3364-4122-A1FB-773C30E0F761}.AppStore|x86.ActiveCfg = Release|Any CPU
		{E356486A-3364-4122-A1FB-773C30E0F761}.AppStore|x86.Build.0 = Release|Any CPU
		{E356486A-3364-4122-A1FB-773C30E0F761}.Debug|Any CPU.ActiveCfg = Debug|Any CPU
		{E356486A-3364-4122-A1FB-773C30E0F761}.Debug|Any CPU.Build.0 = Debug|Any CPU
		{E356486A-3364-4122-A1FB-773C30E0F761}.Debug|ARM.ActiveCfg = Debug|Any CPU
		{E356486A-3364-4122-A1FB-773C30E0F761}.Debug|ARM.Build.0 = Debug|Any CPU
		{E356486A-3364-4122-A1FB-773C30E0F761}.Debug|iPhone.ActiveCfg = Debug|Any CPU
		{E356486A-3364-4122-A1FB-773C30E0F761}.Debug|iPhone.Build.0 = Debug|Any CPU
		{E356486A-3364-4122-A1FB-773C30E0F761}.Debug|iPhoneSimulator.ActiveCfg = Debug|Any CPU
		{E356486A-3364-4122-A1FB-773C30E0F761}.Debug|iPhoneSimulator.Build.0 = Debug|Any CPU
		{E356486A-3364-4122-A1FB-773C30E0F761}.Debug|x64.ActiveCfg = Debug|Any CPU
		{E356486A-3364-4122-A1FB-773C30E0F761}.Debug|x64.Build.0 = Debug|Any CPU
		{E356486A-3364-4122-A1FB-773C30E0F761}.Debug|x86.ActiveCfg = Debug|Any CPU
		{E356486A-3364-4122-A1FB-773C30E0F761}.Debug|x86.Build.0 = Debug|Any CPU
		{E356486A-3364-4122-A1FB-773C30E0F761}.Release|Any CPU.ActiveCfg = Release|Any CPU
		{E356486A-3364-4122-A1FB-773C30E0F761}.Release|Any CPU.Build.0 = Release|Any CPU
		{E356486A-3364-4122-A1FB-773C30E0F761}.Release|ARM.ActiveCfg = Release|Any CPU
		{E356486A-3364-4122-A1FB-773C30E0F761}.Release|ARM.Build.0 = Release|Any CPU
		{E356486A-3364-4122-A1FB-773C30E0F761}.Release|iPhone.ActiveCfg = Release|Any CPU
		{E356486A-3364-4122-A1FB-773C30E0F761}.Release|iPhone.Build.0 = Release|Any CPU
		{E356486A-3364-4122-A1FB-773C30E0F761}.Release|iPhoneSimulator.ActiveCfg = Release|Any CPU
		{E356486A-3364-4122-A1FB-773C30E0F761}.Release|iPhoneSimulator.Build.0 = Release|Any CPU
		{E356486A-3364-4122-A1FB-773C30E0F761}.Release|x64.ActiveCfg = Release|Any CPU
		{E356486A-3364-4122-A1FB-773C30E0F761}.Release|x64.Build.0 = Release|Any CPU
		{E356486A-3364-4122-A1FB-773C30E0F761}.Release|x86.ActiveCfg = Release|Any CPU
		{E356486A-3364-4122-A1FB-773C30E0F761}.Release|x86.Build.0 = Release|Any CPU
	EndGlobalSection
	GlobalSection(SolutionProperties) = preSolution
		HideSolutionNode = FALSE
	EndGlobalSection
	GlobalSection(NestedProjects) = preSolution
		{A8A28887-E05F-4F06-954F-35A06AF6ACB8} = {D74E7972-BF0A-4476-9A85-720EBE87A628}
		{8AE66ABD-D963-4E83-83A3-330156CD37A3} = {D74E7972-BF0A-4476-9A85-720EBE87A628}
		{536FAA15-E738-445E-A2D8-EF989ACB2C7F} = {D74E7972-BF0A-4476-9A85-720EBE87A628}
		{8F830F7A-0A96-4329-847C-06B0A84BA4C4} = {D74E7972-BF0A-4476-9A85-720EBE87A628}
		{038A37CA-F251-400B-8003-7EEAED77348C} = {D74E7972-BF0A-4476-9A85-720EBE87A628}
		{E356486A-3364-4122-A1FB-773C30E0F761} = {D74E7972-BF0A-4476-9A85-720EBE87A628}
	EndGlobalSection
EndGlobal
